
Microsoft Visual Studio Solution File, Format Version 12.00
# Visual Studio 15
Project("{FAE04EC0-301F-11D3-BF4B-00C04F79EFBC}") = "mikoba.Android", "mikoba.Android\mikoba.Android.csproj", "{612F8D66-E72F-4E0C-A9BB-0A83B1657160}"
EndProject
Project("{FAE04EC0-301F-11D3-BF4B-00C04F79EFBC}") = "mikoba.iOS", "mikoba.iOS\mikoba.iOS.csproj", "{DDF25F85-3DB2-4BB8-AFFA-8C4FEC08D80C}"
EndProject
Project("{FAE04EC0-301F-11D3-BF4B-00C04F79EFBC}") = "mikoba", "mikoba\mikoba.csproj", "{F832351C-E821-4F2F-A8B8-50F34E95A4FB}"
EndProject
Project("{9344BDBB-3E7F-41FC-A0DD-8665D75EE146}") = "mikoba.UITests", "mikoba.UITests\mikoba.UITests.csproj", "{818639FA-F82D-4652-94B9-AF4400BA0BE4}"
EndProject
Global
	GlobalSection(SolutionConfigurationPlatforms) = preSolution
		Debug|Any CPU = Debug|Any CPU
		Debug|iPhoneSimulator = Debug|iPhoneSimulator
		Release|iPhoneSimulator = Release|iPhoneSimulator
		Debug|iPhone = Debug|iPhone
		Release|iPhone = Release|iPhone
		Release Android|Any CPU = Release Android|Any CPU
		Debug Android|Any CPU = Debug Android|Any CPU
	EndGlobalSection
	GlobalSection(ProjectConfigurationPlatforms) = postSolution
		{612F8D66-E72F-4E0C-A9BB-0A83B1657160}.Debug|Any CPU.ActiveCfg = Debug|Any CPU
		{612F8D66-E72F-4E0C-A9BB-0A83B1657160}.Debug|Any CPU.Build.0 = Debug|Any CPU
		{612F8D66-E72F-4E0C-A9BB-0A83B1657160}.Debug|iPhoneSimulator.ActiveCfg = Debug|Any CPU
		{612F8D66-E72F-4E0C-A9BB-0A83B1657160}.Debug|iPhoneSimulator.Build.0 = Debug|Any CPU
		{612F8D66-E72F-4E0C-A9BB-0A83B1657160}.Release|iPhoneSimulator.ActiveCfg = Release|Any CPU
		{612F8D66-E72F-4E0C-A9BB-0A83B1657160}.Release|iPhoneSimulator.Build.0 = Release|Any CPU
		{612F8D66-E72F-4E0C-A9BB-0A83B1657160}.Debug|iPhone.ActiveCfg = Debug|Any CPU
		{612F8D66-E72F-4E0C-A9BB-0A83B1657160}.Debug|iPhone.Build.0 = Debug|Any CPU
		{612F8D66-E72F-4E0C-A9BB-0A83B1657160}.Release|iPhone.ActiveCfg = Release|Any CPU
		{612F8D66-E72F-4E0C-A9BB-0A83B1657160}.Release|iPhone.Build.0 = Release|Any CPU
		{612F8D66-E72F-4E0C-A9BB-0A83B1657160}.Release Android|Any CPU.ActiveCfg = Release Android|Any CPU
		{612F8D66-E72F-4E0C-A9BB-0A83B1657160}.Release Android|Any CPU.Build.0 = Release Android|Any CPU
		{612F8D66-E72F-4E0C-A9BB-0A83B1657160}.Debug Android|Any CPU.ActiveCfg = Debug Android|Any CPU
		{612F8D66-E72F-4E0C-A9BB-0A83B1657160}.Debug Android|Any CPU.Build.0 = Debug Android|Any CPU
		{612F8D66-E72F-4E0C-A9BB-0A83B1657160}.Debug Android|Any CPU.Deploy.0 = Debug Android|Any CPU
		{612F8D66-E72F-4E0C-A9BB-0A83B1657160}.Release Android|Any CPU.Deploy.0 = Release Android|Any CPU
		{DDF25F85-3DB2-4BB8-AFFA-8C4FEC08D80C}.Debug|Any CPU.ActiveCfg = Debug|iPhoneSimulator
		{DDF25F85-3DB2-4BB8-AFFA-8C4FEC08D80C}.Debug|Any CPU.Build.0 = Debug|iPhoneSimulator
		{DDF25F85-3DB2-4BB8-AFFA-8C4FEC08D80C}.Debug|iPhoneSimulator.ActiveCfg = Debug|iPhoneSimulator
		{DDF25F85-3DB2-4BB8-AFFA-8C4FEC08D80C}.Debug|iPhoneSimulator.Build.0 = Debug|iPhoneSimulator
		{DDF25F85-3DB2-4BB8-AFFA-8C4FEC08D80C}.Release|iPhoneSimulator.ActiveCfg = Release|iPhoneSimulator
		{DDF25F85-3DB2-4BB8-AFFA-8C4FEC08D80C}.Release|iPhoneSimulator.Build.0 = Release|iPhoneSimulator
		{DDF25F85-3DB2-4BB8-AFFA-8C4FEC08D80C}.Debug|iPhone.ActiveCfg = Debug|iPhone
		{DDF25F85-3DB2-4BB8-AFFA-8C4FEC08D80C}.Debug|iPhone.Build.0 = Debug|iPhone
		{DDF25F85-3DB2-4BB8-AFFA-8C4FEC08D80C}.Release|iPhone.ActiveCfg = Release|iPhone
		{DDF25F85-3DB2-4BB8-AFFA-8C4FEC08D80C}.Release|iPhone.Build.0 = Release|iPhone
		{DDF25F85-3DB2-4BB8-AFFA-8C4FEC08D80C}.Release Android|Any CPU.ActiveCfg = Release Android|Any CPU
		{DDF25F85-3DB2-4BB8-AFFA-8C4FEC08D80C}.Debug Android|Any CPU.ActiveCfg = Debug Android|Any CPU
		{F832351C-E821-4F2F-A8B8-50F34E95A4FB}.Debug|Any CPU.ActiveCfg = Debug|Any CPU
		{F832351C-E821-4F2F-A8B8-50F34E95A4FB}.Debug|Any CPU.Build.0 = Debug|Any CPU
		{F832351C-E821-4F2F-A8B8-50F34E95A4FB}.Debug|iPhoneSimulator.ActiveCfg = Debug|Any CPU
		{F832351C-E821-4F2F-A8B8-50F34E95A4FB}.Debug|iPhoneSimulator.Build.0 = Debug|Any CPU
		{F832351C-E821-4F2F-A8B8-50F34E95A4FB}.Release|iPhoneSimulator.ActiveCfg = Release|Any CPU
		{F832351C-E821-4F2F-A8B8-50F34E95A4FB}.Release|iPhoneSimulator.Build.0 = Release|Any CPU
		{F832351C-E821-4F2F-A8B8-50F34E95A4FB}.Debug|iPhone.ActiveCfg = Debug|Any CPU
		{F832351C-E821-4F2F-A8B8-50F34E95A4FB}.Debug|iPhone.Build.0 = Debug|Any CPU
		{F832351C-E821-4F2F-A8B8-50F34E95A4FB}.Release|iPhone.ActiveCfg = Release|Any CPU
		{F832351C-E821-4F2F-A8B8-50F34E95A4FB}.Release|iPhone.Build.0 = Release|Any CPU
		{F832351C-E821-4F2F-A8B8-50F34E95A4FB}.Release Android|Any CPU.ActiveCfg = Release Android|Any CPU
		{F832351C-E821-4F2F-A8B8-50F34E95A4FB}.Release Android|Any CPU.Build.0 = Release Android|Any CPU
		{F832351C-E821-4F2F-A8B8-50F34E95A4FB}.Debug Android|Any CPU.ActiveCfg = Debug Android|Any CPU
		{F832351C-E821-4F2F-A8B8-50F34E95A4FB}.Debug Android|Any CPU.Build.0 = Debug Android|Any CPU
		{818639FA-F82D-4652-94B9-AF4400BA0BE4}.Debug|Any CPU.ActiveCfg = Debug|Any CPU
		{818639FA-F82D-4652-94B9-AF4400BA0BE4}.Debug|Any CPU.Build.0 = Debug|Any CPU
		{818639FA-F82D-4652-94B9-AF4400BA0BE4}.Debug|iPhoneSimulator.ActiveCfg = Debug|Any CPU
		{818639FA-F82D-4652-94B9-AF4400BA0BE4}.Debug|iPhoneSimulator.Build.0 = Debug|Any CPU
		{818639FA-F82D-4652-94B9-AF4400BA0BE4}.Release|iPhoneSimulator.ActiveCfg = Release|Any CPU
		{818639FA-F82D-4652-94B9-AF4400BA0BE4}.Release|iPhoneSimulator.Build.0 = Release|Any CPU
		{818639FA-F82D-4652-94B9-AF4400BA0BE4}.Debug|iPhone.ActiveCfg = Debug|Any CPU
		{818639FA-F82D-4652-94B9-AF4400BA0BE4}.Debug|iPhone.Build.0 = Debug|Any CPU
		{818639FA-F82D-4652-94B9-AF4400BA0BE4}.Release|iPhone.ActiveCfg = Release|Any CPU
		{818639FA-F82D-4652-94B9-AF4400BA0BE4}.Release|iPhone.Build.0 = Release|Any CPU
		{818639FA-F82D-4652-94B9-AF4400BA0BE4}.Debug Android|Any CPU.ActiveCfg = Debug Android|Any CPU
	EndGlobalSection
	GlobalSection(MonoDevelopProperties) = preSolution
		version = 0.4
	EndGlobalSection
EndGlobal
